PODS:
  - Alamofire (5.6.4)
  - Nimble (9.2.1)
  - Quick (3.1.2)
  - SwiftLint (0.50.3)
  - Swinject (2.8.3)

DEPENDENCIES:
  - Alamofire
  - Nimble (~> 9.0)
  - Quick (~> 3.0)
  - SwiftLint
  - Swinject

SPEC REPOS:
  trunk:
    - Alamofire
    - Nimble
    - Quick
    - SwiftLint
    - Swinject

SPEC CHECKSUMS:
  Alamofire: 4e95d97098eacb88856099c4fc79b526a299e48c
  Nimble: e7e615c0335ee4bf5b0d786685451e62746117d5
  Quick: 60f0ea3b8e0cfc0df3259a5c06a238ad8b3c46e0
  SwiftLint: 77f7cb2b9bb81ab4a12fcc86448ba3f11afa50c6
  Swinject: 893c9a543000ac2f10ee4cbaf0933c6992c935d5

PODFILE CHECKSUM: 65a1d861b61bbba1b38030bd0fe6e7833e002d74

COCOAPODS: 1.11.3
